
Microsoft Visual Studio Solution File, Format Version 12.00
# Visual Studio Version 17
VisualStudioVersion = 17.4.33213.308
MinimumVisualStudioVersion = 10.0.40219.1
Project("{9A19103F-16F7-4668-BE54-9A1E7A4F7556}") = "LINQ", "LINQ.csproj", "{C0464AF8-2E93-4BB7-A195-C3B80D5F6FD6}"
EndProject
Project("{9A19103F-16F7-4668-BE54-9A1E7A4F7556}") = "CLasesHerencia", "..\..\Clases\CLasesHerencia\CLasesHerencia.csproj", "{A642886A-F4C4-4774-9F74-741686C1F45A}"
EndProject
Project("{9A19103F-16F7-4668-BE54-9A1E7A4F7556}") = "Herencia", "..\Herencia\Herencia.csproj", "{0B3F2F8F-C348-4C1D-913E-7501DE9E8BEA}"
EndProject
Project("{9A19103F-16F7-4668-BE54-9A1E7A4F7556}") = "Interfaces", "..\Interfaces\Interfaces.csproj", "{0F81F431-7953-472D-80B2-2D6DD6AF0BF7}"
EndProject
Project("{9A19103F-16F7-4668-BE54-9A1E7A4F7556}") = "ASincrona", "..\ASincrona\ASincrona.csproj", "{816D216B-E2BB-4D86-9F11-B52349055979}"
EndProject
Project("{FAE04EC0-301F-11D3-BF4B-00C04F79EFBC}") = "multithreating", "..\multithreating\multithreating.csproj", "{D5156269-8AA2-41DF-B0D8-AF298D43A3D1}"
EndProject
Project("{FAE04EC0-301F-11D3-BF4B-00C04F79EFBC}") = "Uso de archivos", "..\Uso de archivos\Uso de archivos.csproj", "{5B493208-0EAD-49BF-98DC-E04B61D78B53}"
EndProject
Project("{FAE04EC0-301F-11D3-BF4B-00C04F79EFBC}") = "Json", "..\Json\Json.csproj", "{3540263F-A7E3-4C77-A3D1-C3E3F1CD1577}"
EndProject
Project("{FAE04EC0-301F-11D3-BF4B-00C04F79EFBC}") = "Excepciones", "..\Excepciones\Excepciones.csproj", "{B357D6F9-75CA-474F-A95B-9F1CB5465F50}"
EndProject
Project("{FAE04EC0-301F-11D3-BF4B-00C04F79EFBC}") = "Matrices", "..\Matrices\Matrices.csproj", "{ADC032A1-4379-4B95-B6DA-4141B7707C83}"
EndProject
Project("{FAE04EC0-301F-11D3-BF4B-00C04F79EFBC}") = "Eventos", "..\Eventos\Eventos.csproj", "{32744630-A723-42A5-9D66-8DC1E977A788}"
EndProject
Project("{FAE04EC0-301F-11D3-BF4B-00C04F79EFBC}") = "Indizadores", "..\Indizadores\Indizadores.csproj", "{5E52D50F-D30E-4571-B8E8-FB94E5F3463D}"
EndProject
Project("{FAE04EC0-301F-11D3-BF4B-00C04F79EFBC}") = "Iteradores", "..\Iteradores\Iteradores.csproj", "{E87B7441-B0B2-41E4-AA8C-BC999A2BB50B}"
EndProject
Project("{FAE04EC0-301F-11D3-BF4B-00C04F79EFBC}") = "Delegados", "..\Delegados\Delegados.csproj", "{7401B461-BF7C-433E-9F77-756498780264}"
EndProject
Project("{FAE04EC0-301F-11D3-BF4B-00C04F79EFBC}") = "Inyeccion de dependencias", "..\Inyeccion de dependencias\Inyeccion de dependencias.csproj", "{A0144582-18BC-4901-ACE0-FC07CC292454}"
EndProject
Project("{FAE04EC0-301F-11D3-BF4B-00C04F79EFBC}") = "Patrones", "..\Patrones\Patrones.csproj", "{1A5259DB-A907-4A55-9B99-91A545612527}"
EndProject
Global
	GlobalSection(SolutionConfigurationPlatforms) = preSolution
		Debug|Any CPU = Debug|Any CPU
		Release|Any CPU = Release|Any CPU
	EndGlobalSection
	GlobalSection(ProjectConfigurationPlatforms) = postSolution
		{C0464AF8-2E93-4BB7-A195-C3B80D5F6FD6}.Debug|Any CPU.ActiveCfg = Debug|Any CPU
		{C0464AF8-2E93-4BB7-A195-C3B80D5F6FD6}.Debug|Any CPU.Build.0 = Debug|Any CPU
		{C0464AF8-2E93-4BB7-A195-C3B80D5F6FD6}.Release|Any CPU.ActiveCfg = Release|Any CPU
		{C0464AF8-2E93-4BB7-A195-C3B80D5F6FD6}.Release|Any CPU.Build.0 = Release|Any CPU
		{A642886A-F4C4-4774-9F74-741686C1F45A}.Debug|Any CPU.ActiveCfg = Debug|Any CPU
		{A642886A-F4C4-4774-9F74-741686C1F45A}.Debug|Any CPU.Build.0 = Debug|Any CPU
		{A642886A-F4C4-4774-9F74-741686C1F45A}.Release|Any CPU.ActiveCfg = Release|Any CPU
		{A642886A-F4C4-4774-9F74-741686C1F45A}.Release|Any CPU.Build.0 = Release|Any CPU
		{0B3F2F8F-C348-4C1D-913E-7501DE9E8BEA}.Debug|Any CPU.ActiveCfg = Debug|Any CPU
		{0B3F2F8F-C348-4C1D-913E-7501DE9E8BEA}.Debug|Any CPU.Build.0 = Debug|Any CPU
		{0B3F2F8F-C348-4C1D-913E-7501DE9E8BEA}.Release|Any CPU.ActiveCfg = Release|Any CPU
		{0B3F2F8F-C348-4C1D-913E-7501DE9E8BEA}.Release|Any CPU.Build.0 = Release|Any CPU
		{0F81F431-7953-472D-80B2-2D6DD6AF0BF7}.Debug|Any CPU.ActiveCfg = Debug|Any CPU
		{0F81F431-7953-472D-80B2-2D6DD6AF0BF7}.Debug|Any CPU.Build.0 = Debug|Any CPU
		{0F81F431-7953-472D-80B2-2D6DD6AF0BF7}.Release|Any CPU.ActiveCfg = Release|Any CPU
		{0F81F431-7953-472D-80B2-2D6DD6AF0BF7}.Release|Any CPU.Build.0 = Release|Any CPU
		{816D216B-E2BB-4D86-9F11-B52349055979}.Debug|Any CPU.ActiveCfg = Debug|Any CPU
		{816D216B-E2BB-4D86-9F11-B52349055979}.Debug|Any CPU.Build.0 = Debug|Any CPU
		{816D216B-E2BB-4D86-9F11-B52349055979}.Release|Any CPU.ActiveCfg = Release|Any CPU
		{816D216B-E2BB-4D86-9F11-B52349055979}.Release|Any CPU.Build.0 = Release|Any CPU
		{D5156269-8AA2-41DF-B0D8-AF298D43A3D1}.Debug|Any CPU.ActiveCfg = Debug|Any CPU
		{D5156269-8AA2-41DF-B0D8-AF298D43A3D1}.Debug|Any CPU.Build.0 = Debug|Any CPU
		{D5156269-8AA2-41DF-B0D8-AF298D43A3D1}.Release|Any CPU.ActiveCfg = Release|Any CPU
		{D5156269-8AA2-41DF-B0D8-AF298D43A3D1}.Release|Any CPU.Build.0 = Release|Any CPU
		{5B493208-0EAD-49BF-98DC-E04B61D78B53}.Debug|Any CPU.ActiveCfg = Debug|Any CPU
		{5B493208-0EAD-49BF-98DC-E04B61D78B53}.Debug|Any CPU.Build.0 = Debug|Any CPU
		{5B493208-0EAD-49BF-98DC-E04B61D78B53}.Release|Any CPU.ActiveCfg = Release|Any CPU
		{5B493208-0EAD-49BF-98DC-E04B61D78B53}.Release|Any CPU.Build.0 = Release|Any CPU
		{3540263F-A7E3-4C77-A3D1-C3E3F1CD1577}.Debug|Any CPU.ActiveCfg = Debug|Any CPU
		{3540263F-A7E3-4C77-A3D1-C3E3F1CD1577}.Debug|Any CPU.Build.0 = Debug|Any CPU
		{3540263F-A7E3-4C77-A3D1-C3E3F1CD1577}.Release|Any CPU.ActiveCfg = Release|Any CPU
		{3540263F-A7E3-4C77-A3D1-C3E3F1CD1577}.Release|Any CPU.Build.0 = Release|Any CPU
		{B357D6F9-75CA-474F-A95B-9F1CB5465F50}.Debug|Any CPU.ActiveCfg = Debug|Any CPU
		{B357D6F9-75CA-474F-A95B-9F1CB5465F50}.Debug|Any CPU.Build.0 = Debug|Any CPU
		{B357D6F9-75CA-474F-A95B-9F1CB5465F50}.Release|Any CPU.ActiveCfg = Release|Any CPU
		{B357D6F9-75CA-474F-A95B-9F1CB5465F50}.Release|Any CPU.Build.0 = Release|Any CPU
		{ADC032A1-4379-4B95-B6DA-4141B7707C83}.Debug|Any CPU.ActiveCfg = Debug|Any CPU
		{ADC032A1-4379-4B95-B6DA-4141B7707C83}.Debug|Any CPU.Build.0 = Debug|Any CPU
		{ADC032A1-4379-4B95-B6DA-4141B7707C83}.Release|Any CPU.ActiveCfg = Release|Any CPU
		{ADC032A1-4379-4B95-B6DA-4141B7707C83}.Release|Any CPU.Build.0 = Release|Any CPU
		{32744630-A723-42A5-9D66-8DC1E977A788}.Debug|Any CPU.ActiveCfg = Debug|Any CPU
		{32744630-A723-42A5-9D66-8DC1E977A788}.Debug|Any CPU.Build.0 = Debug|Any CPU
		{32744630-A723-42A5-9D66-8DC1E977A788}.Release|Any CPU.ActiveCfg = Release|Any CPU
		{32744630-A723-42A5-9D66-8DC1E977A788}.Release|Any CPU.Build.0 = Release|Any CPU
		{5E52D50F-D30E-4571-B8E8-FB94E5F3463D}.Debug|Any CPU.ActiveCfg = Debug|Any CPU
		{5E52D50F-D30E-4571-B8E8-FB94E5F3463D}.Debug|Any CPU.Build.0 = Debug|Any CPU
		{5E52D50F-D30E-4571-B8E8-FB94E5F3463D}.Release|Any CPU.ActiveCfg = Release|Any CPU
		{5E52D50F-D30E-4571-B8E8-FB94E5F3463D}.Release|Any CPU.Build.0 = Release|Any CPU
		{E87B7441-B0B2-41E4-AA8C-BC999A2BB50B}.Debug|Any CPU.ActiveCfg = Debug|Any CPU
		{E87B7441-B0B2-41E4-AA8C-BC999A2BB50B}.Debug|Any CPU.Build.0 = Debug|Any CPU
		{E87B7441-B0B2-41E4-AA8C-BC999A2BB50B}.Release|Any CPU.ActiveCfg = Release|Any CPU
		{E87B7441-B0B2-41E4-AA8C-BC999A2BB50B}.Release|Any CPU.Build.0 = Release|Any CPU
		{7401B461-BF7C-433E-9F77-756498780264}.Debug|Any CPU.ActiveCfg = Debug|Any CPU
		{7401B461-BF7C-433E-9F77-756498780264}.Debug|Any CPU.Build.0 = Debug|Any CPU
		{7401B461-BF7C-433E-9F77-756498780264}.Release|Any CPU.ActiveCfg = Release|Any CPU
		{7401B461-BF7C-433E-9F77-756498780264}.Release|Any CPU.Build.0 = Release|Any CPU
		{A0144582-18BC-4901-ACE0-FC07CC292454}.Debug|Any CPU.ActiveCfg = Debug|Any CPU
		{A0144582-18BC-4901-ACE0-FC07CC292454}.Debug|Any CPU.Build.0 = Debug|Any CPU
		{A0144582-18BC-4901-ACE0-FC07CC292454}.Release|Any CPU.ActiveCfg = Release|Any CPU
		{A0144582-18BC-4901-ACE0-FC07CC292454}.Release|Any CPU.Build.0 = Release|Any CPU
		{1A5259DB-A907-4A55-9B99-91A545612527}.Debug|Any CPU.ActiveCfg = Debug|Any CPU
		{1A5259DB-A907-4A55-9B99-91A545612527}.Debug|Any CPU.Build.0 = Debug|Any CPU
		{1A5259DB-A907-4A55-9B99-91A545612527}.Release|Any CPU.ActiveCfg = Release|Any CPU
		{1A5259DB-A907-4A55-9B99-91A545612527}.Release|Any CPU.Build.0 = Release|Any CPU
	EndGlobalSection
	GlobalSection(SolutionProperties) = preSolution
		HideSolutionNode = FALSE
	EndGlobalSection
	GlobalSection(ExtensibilityGlobals) = postSolution
		SolutionGuid = {2764830A-E619-4FEC-818E-50B1B9B03E06}
	EndGlobalSection
EndGlobal
